// !$*UTF8*$!
{
	archiveVersion = 1;
	classes = {
	};
	objectVersion = 48;
	objects = {

/* Begin PBXBuildFile section */
		23394F4B1FDA02C80049CCBC /* ChecklistItem.swift in Sources */ = {isa = PBXBuildFile; fileRef = 23394F4A1FDA02C80049CCBC /* ChecklistItem.swift */; };
		235DB43A1FDF509F0000DC10 /* ItemDetailViewController.swift in Sources */ = {isa = PBXBuildFile; fileRef = 235DB4391FDF509F0000DC10 /* ItemDetailViewController.swift */; };
		235DB4401FEC0FC90000DC10 /* AllListsViewController.swift in Sources */ = {isa = PBXBuildFile; fileRef = 235DB43F1FEC0FC90000DC10 /* AllListsViewController.swift */; };
		235DB4421FEEEF7B0000DC10 /* Checklist.swift in Sources */ = {isa = PBXBuildFile; fileRef = 235DB4411FEEEF7B0000DC10 /* Checklist.swift */; };
		23D860601FCB13CF00409626 /* AppDelegate.swift in Sources */ = {isa = PBXBuildFile; fileRef = 23D8605F1FCB13CF00409626 /* AppDelegate.swift */; };
		23D860621FCB13CF00409626 /* ChecklistViewController.swift in Sources */ = {isa = PBXBuildFile; fileRef = 23D860611FCB13CF00409626 /* ChecklistViewController.swift */; };
		23D860651FCB13CF00409626 /* Main.storyboard in Resources */ = {isa = PBXBuildFile; fileRef = 23D860631FCB13CF00409626 /* Main.storyboard */; };
		23D860671FCB13CF00409626 /* Assets.xcassets in Resources */ = {isa = PBXBuildFile; fileRef = 23D860661FCB13CF00409626 /* Assets.xcassets */; };
		23D8606A1FCB13CF00409626 /* LaunchScreen.storyboard in Resources */ = {isa = PBXBuildFile; fileRef = 23D860681FCB13CF00409626 /* LaunchScreen.storyboard */; };
/* End PBXBuildFile section */

/* Begin PBXFileReference section */
		23394F4A1FDA02C80049CCBC /* ChecklistItem.swift */ = {isa = PBXFileReference; lastKnownFileType = sourcecode.swift; path = ChecklistItem.swift; sourceTree = "<group>"; };
		235DB4391FDF509F0000DC10 /* ItemDetailViewController.swift */ = {isa = PBXFileReference; lastKnownFileType = sourcecode.swift; path = ItemDetailViewController.swift; sourceTree = "<group>"; };
		235DB43F1FEC0FC90000DC10 /* AllListsViewController.swift */ = {isa = PBXFileReference; lastKnownFileType = sourcecode.swift; path = AllListsViewController.swift; sourceTree = "<group>"; };
		235DB4411FEEEF7B0000DC10 /* Checklist.swift */ = {isa = PBXFileReference; lastKnownFileType = sourcecode.swift; path = Checklist.swift; sourceTree = "<group>"; };
		23D8605C1FCB13CF00409626 /* Checklists.app */ = {isa = PBXFileReference; explicitFileType = wrapper.application; includeInIndex = 0; path = Checklists.app; sourceTree = BUILT_PRODUCTS_DIR; };
		23D8605F1FCB13CF00409626 /* AppDelegate.swift */ = {isa = PBXFileReference; lastKnownFileType = sourcecode.swift; path = AppDelegate.swift; sourceTree = "<group>"; };
		23D860611FCB13CF00409626 /* ChecklistViewController.swift */ = {isa = PBXFileReference; lastKnownFileType = sourcecode.swift; path = ChecklistViewController.swift; sourceTree = "<group>"; };
		23D860641FCB13CF00409626 /* Base */ = {isa = PBXFileReference; lastKnownFileType = file.storyboard; name = Base; path = Base.lproj/Main.storyboard; sourceTree = "<group>"; };
		23D860661FCB13CF00409626 /* Assets.xcassets */ = {isa = PBXFileReference; lastKnownFileType = folder.assetcatalog; path = Assets.xcassets; sourceTree = "<group>"; };
		23D860691FCB13CF00409626 /* Base */ = {isa = PBXFileReference; lastKnownFileType = file.storyboard; name = Base; path = Base.lproj/LaunchScreen.storyboard; sourceTree = "<group>"; };
		23D8606B1FCB13CF00409626 /* Info.plist */ = {isa = PBXFileReference; lastKnownFileType = text.plist.xml; path = Info.plist; sourceTree = "<group>"; };
/* End PBXFileReference section */

/* Begin PBXFrameworksBuildPhase section */
		23D860591FCB13CF00409626 /* Frameworks */ = {
			isa = PBXFrameworksBuildPhase;
			buildActionMask = 2147483647;
			files = (
			);
			runOnlyForDeploymentPostprocessing = 0;
		};
/* End PBXFrameworksBuildPhase section */

/* Begin PBXGroup section */
		23D860531FCB13CF00409626 = {
			isa = PBXGroup;
			children = (
				23D8605E1FCB13CF00409626 /* Checklists */,
				23D8605D1FCB13CF00409626 /* Products */,
			);
			sourceTree = "<group>";
		};
		23D8605D1FCB13CF00409626 /* Products */ = {
			isa = PBXGroup;
			children = (
				23D8605C1FCB13CF00409626 /* Checklists.app */,
			);
			name = Products;
			sourceTree = "<group>";
		};
		23D8605E1FCB13CF00409626 /* Checklists */ = {
			isa = PBXGroup;
			children = (
				23D8605F1FCB13CF00409626 /* AppDelegate.swift */,
				23D860611FCB13CF00409626 /* ChecklistViewController.swift */,
				23D860631FCB13CF00409626 /* Main.storyboard */,
				23D860661FCB13CF00409626 /* Assets.xcassets */,
				23D860681FCB13CF00409626 /* LaunchScreen.storyboard */,
				23D8606B1FCB13CF00409626 /* Info.plist */,
				23394F4A1FDA02C80049CCBC /* ChecklistItem.swift */,
				235DB4391FDF509F0000DC10 /* ItemDetailViewController.swift */,
				235DB43F1FEC0FC90000DC10 /* AllListsViewController.swift */,
				235DB4411FEEEF7B0000DC10 /* Checklist.swift */,
			);
			path = Checklists;
			sourceTree = "<group>";
		};
/* End PBXGroup section */

/* Begin PBXNativeTarget section */
		23D8605B1FCB13CF00409626 /* Checklists */ = {
			isa = PBXNativeTarget;
			buildConfigurationList = 23D8606E1FCB13CF00409626 /* Build configuration list for PBXNativeTarget "Checklists" */;
			buildPhases = (
				23D860581FCB13CF00409626 /* Sources */,
				23D860591FCB13CF00409626 /* Frameworks */,
				23D8605A1FCB13CF00409626 /* Resources */,
			);
			buildRules = (
			);
			dependencies = (
			);
			name = Checklists;
			productName = Checklists;
			productReference = 23D8605C1FCB13CF00409626 /* Checklists.app */;
			productType = "com.apple.product-type.application";
		};
/* End PBXNativeTarget section */

/* Begin PBXProject section */
		23D860541FCB13CF00409626 /* Project object */ = {
			isa = PBXProject;
			attributes = {
				LastSwiftUpdateCheck = 0910;
				LastUpgradeCheck = 0910;
				ORGANIZATIONNAME = "Qingyu Yang";
				TargetAttributes = {
					23D8605B1FCB13CF00409626 = {
						CreatedOnToolsVersion = 9.1;
						ProvisioningStyle = Automatic;
					};
				};
			};
			buildConfigurationList = 23D860571FCB13CF00409626 /* Build configuration list for PBXProject "Checklists" */;
			compatibilityVersion = "Xcode 8.0";
			developmentRegion = en;
			hasScannedForEncodings = 0;
			knownRegions = (
				en,
				Base,
			);
			mainGroup = 23D860531FCB13CF00409626;
			productRefGroup = 23D8605D1FCB13CF00409626 /* Products */;
			projectDirPath = "";
			projectRoot = "";
			targets = (
				23D8605B1FCB13CF00409626 /* Checklists */,
			);
		};
/* End PBXProject section */

/* Begin PBXResourcesBuildPhase section */
		23D8605A1FCB13CF00409626 /* Resources */ = {
			isa = PBXResourcesBuildPhase;
			buildActionMask = 2147483647;
			files = (
				23D8606A1FCB13CF00409626 /* LaunchScreen.storyboard in Resources */,
				23D860671FCB13CF00409626 /* Assets.xcassets in Resources */,
				23D860651FCB13CF00409626 /* Main.storyboard in Resources */,
			);
			runOnlyForDeploymentPostprocessing = 0;
		};
/* End PBXResourcesBuildPhase section */

/* Begin PBXSourcesBuildPhase section */
		23D860581FCB13CF00409626 /* Sources */ = {
			isa = PBXSourcesBuildPhase;
			buildActionMask = 2147483647;
			files = (
				23D860621FCB13CF00409626 /* ChecklistViewController.swift in Sources */,
				235DB43A1FDF509F0000DC10 /* ItemDetailViewController.swift in Sources */,
				235DB4421FEEEF7B0000DC10 /* Checklist.swift in Sources */,
				23394F4B1FDA02C80049CCBC /* ChecklistItem.swift in Sources */,
				235DB4401FEC0FC90000DC10 /* AllListsViewController.swift in Sources */,
				23D860601FCB13CF00409626 /* AppDelegate.swift in Sources */,
			);
			runOnlyForDeploymentPostprocessing = 0;
		};
/* End PBXSourcesBuildPhase section */

/* Begin PBXVariantGroup section */
		23D860631FCB13CF00409626 /* Main.storyboard */ = {
			isa = PBXVariantGroup;
			children = (
				23D860641FCB13CF00409626 /* Base */,
			);
			name = Main.storyboard;
			sourceTree = "<group>";
		};
		23D860681FCB13CF00409626 /* LaunchScreen.storyboard */ = {
			isa = PBXVariantGroup;
			children = (
				23D860691FCB13CF00409626 /* Base */,
			);
			name = LaunchScreen.storyboard;
			sourceTree = "<group>";
		};
/* End PBXVariantGroup section */

/* Begin XCBuildConfiguration section */
		23D8606C1FCB13CF00409626 /* Debug */ = {
			isa = XCBuildConfiguration;
			buildSettings = {
				ALWAYS_SEARCH_USER_PATHS = NO;
				CLANG_ANALYZER_NONNULL = YES;
				CLANG_ANALYZER_NUMBER_OBJECT_CONVERSION = YES_AGGRESSIVE;
				CLANG_CXX_LANGUAGE_STANDARD = "gnu++14";
				CLANG_CXX_LIBRARY = "libc++";
				CLANG_ENABLE_MODULES = YES;
				CLANG_ENABLE_OBJC_ARC = YES;
				CLANG_WARN_BLOCK_CAPTURE_AUTORELEASING = YES;
				CLANG_WARN_BOOL_CONVERSION = YES;
				CLANG_WARN_COMMA = YES;
				CLANG_WARN_CONSTANT_CONVERSION = YES;
				CLANG_WARN_DIRECT_OBJC_ISA_USAGE = YES_ERROR;
				CLANG_WARN_DOCUMENTATION_COMMENTS = YES;
				CLANG_WARN_EMPTY_BODY = YES;
				CLANG_WARN_ENUM_CONVERSION = YES;
				CLANG_WARN_INFINITE_RECURSION = YES;
				CLANG_WARN_INT_CONVERSION = YES;
				CLANG_WARN_NON_LITERAL_NULL_CONVERSION = YES;
				CLANG_WARN_OBJC_LITERAL_CONVERSION = YES;
				CLANG_WARN_OBJC_ROOT_CLASS = YES_ERROR;
				CLANG_WARN_RANGE_LOOP_ANALYSIS = YES;
				CLANG_WARN_STRICT_PROTOTYPES = YES;
				CLANG_WARN_SUSPICIOUS_MOVE = YES;
				CLANG_WARN_UNGUARDED_AVAILABILITY = YES_AGGRESSIVE;
				CLANG_WARN_UNREACHABLE_CODE = YES;
				CLANG_WARN__DUPLICATE_METHOD_MATCH = YES;
				CODE_SIGN_IDENTITY = "iPhone Developer";
				COPY_PHASE_STRIP = NO;
				DEBUG_INFORMATION_FORMAT = dwarf;
				ENABLE_STRICT_OBJC_MSGSEND = YES;
				ENABLE_TESTABILITY = YES;
				GCC_C_LANGUAGE_STANDARD = gnu11;
				GCC_DYNAMIC_NO_PIC = NO;
				GCC_NO_COMMON_BLOCKS = YES;
				GCC_OPTIMIZATION_LEVEL = 0;
				GCC_PREPROCESSOR_DEFINITIONS = (
					"DEBUG=1",
					"$(inherited)",
				);
				GCC_WARN_64_TO_32_BIT_CONVERSION = YES;
				GCC_WARN_ABOUT_RETURN_TYPE = YES_ERROR;
				GCC_WARN_UNDECLARED_SELECTOR = YES;
				GCC_WARN_UNINITIALIZED_AUTOS = YES_AGGRESSIVE;
				GCC_WARN_UNUSED_FUNCTION = YES;
				GCC_WARN_UNUSED_VARIABLE = YES;
				IPHONEOS_DEPLOYMENT_TARGET = 11.1;
				MTL_ENABLE_DEBUG_INFO = YES;
				ONLY_ACTIVE_ARCH = YES;
				SDKROOT = iphoneos;
				SWIFT_ACTIVE_COMPILATION_CONDITIONS = DEBUG;
				SWIFT_OPTIMIZATION_LEVEL = "-Onone";
			};
			name = Debug;
		};
		23D8606D1FCB13CF00409626 /* Release */ = {
			isa = XCBuildConfiguration;
			buildSettings = {
				ALWAYS_SEARCH_USER_PATHS = NO;
				CLANG_ANALYZER_NONNULL = YES;
				CLANG_ANALYZER_NUMBER_OBJECT_CONVERSION = YES_AGGRESSIVE;
				CLANG_CXX_LANGUAGE_STANDARD = "gnu++14";
				CLANG_CXX_LIBRARY = "libc++";
				CLANG_ENABLE_MODULES = YES;
				CLANG_ENABLE_OBJC_ARC = YES;
				CLANG_WARN_BLOCK_CAPTURE_AUTORELEASING = YES;
				CLANG_WARN_BOOL_CONVERSION = YES;
				CLANG_WARN_COMMA = YES;
				CLANG_WARN_CONSTANT_CONVERSION = YES;
				CLANG_WARN_DIRECT_OBJC_ISA_USAGE = YES_ERROR;
				CLANG_WARN_DOCUMENTATION_COMMENTS = YES;
				CLANG_WARN_EMPTY_BODY = YES;
				CLANG_WARN_ENUM_CONVERSION = YES;
				CLANG_WARN_INFINITE_RECURSION = YES;
				CLANG_WARN_INT_CONVERSION = YES;
				CLANG_WARN_NON_LITERAL_NULL_CONVERSION = YES;
				CLANG_WARN_OBJC_LITERAL_CONVERSION = YES;
				CLANG_WARN_OBJC_ROOT_CLASS = YES_ERROR;
				CLANG_WARN_RANGE_LOOP_ANALYSIS = YES;
				CLANG_WARN_STRICT_PROTOTYPES = YES;
				CLANG_WARN_SUSPICIOUS_MOVE = YES;
				CLANG_WARN_UNGUARDED_AVAILABILITY = YES_AGGRESSIVE;
				CLANG_WARN_UNREACHABLE_CODE = YES;
				CLANG_WARN__DUPLICATE_METHOD_MATCH = YES;
				CODE_SIGN_IDENTITY = "iPhone Developer";
				COPY_PHASE_STRIP = NO;
				DEBUG_INFORMATION_FORMAT = "dwarf-with-dsym";
				ENABLE_NS_ASSERTIONS = NO;
				ENABLE_STRICT_OBJC_MSGSEND = YES;
				GCC_C_LANGUAGE_STANDARD = gnu11;
				GCC_NO_COMMON_BLOCKS = YES;
				GCC_WARN_64_TO_32_BIT_CONVERSION = YES;
				GCC_WARN_ABOUT_RETURN_TYPE = YES_ERROR;
				GCC_WARN_UNDECLARED_SELECTOR = YES;
				GCC_WARN_UNINITIALIZED_AUTOS = YES_AGGRESSIVE;
				GCC_WARN_UNUSED_FUNCTION = YES;
				GCC_WARN_UNUSED_VARIABLE = YES;
				IPHONEOS_DEPLOYMENT_TARGET = 11.1;
				MTL_ENABLE_DEBUG_INFO = NO;
				SDKROOT = iphoneos;
				SWIFT_OPTIMIZATION_LEVEL = "-Owholemodule";
				VALIDATE_PRODUCT = YES;
			};
			name = Release;
		};
		23D8606F1FCB13CF00409626 /* Debug */ = {
			isa = XCBuildConfiguration;
			buildSettings = {
				ASSETCATALOG_COMPILER_APPICON_NAME = AppIcon;
				CODE_SIGN_STYLE = Automatic;
				INFOPLIST_FILE = Checklists/Info.plist;
				LD_RUNPATH_SEARCH_PATHS = "$(inherited) @executable_path/Frameworks";
				PRODUCT_BUNDLE_IDENTIFIER = organizationID.Checklists;
				PRODUCT_NAME = "$(TARGET_NAME)";
				SWIFT_VERSION = 4.0;
				TARGETED_DEVICE_FAMILY = 1;
			};
			name = Debug;
		};
		23D860701FCB13CF00409626 /* Release */ = {
			isa = XCBuildConfiguration;
			buildSettings = {
				ASSETCATALOG_COMPILER_APPICON_NAME = AppIcon;
				CODE_SIGN_STYLE = Automatic;
				INFOPLIST_FILE = Checklists/Info.plist;
				LD_RUNPATH_SEARCH_PATHS = "$(inherited) @executable_path/Frameworks";
				PRODUCT_BUNDLE_IDENTIFIER = organizationID.Checklists;
				PRODUCT_NAME = "$(TARGET_NAME)";
				SWIFT_VERSION = 4.0;
				TARGETED_DEVICE_FAMILY = 1;
			};
			name = Release;
		};
/* End XCBuildConfiguration section */

/* Begin XCConfigurationList section */
		23D860571FCB13CF00409626 /* Build configuration list for PBXProject "Checklists" */ = {
			isa = XCConfigurationList;
			buildConfigurations = (
				23D8606C1FCB13CF00409626 /* Debug */,
				23D8606D1FCB13CF00409626 /* Release */,
			);
			defaultConfigurationIsVisible = 0;
			defaultConfigurationName = Release;
		};
		23D8606E1FCB13CF00409626 /* Build configuration list for PBXNativeTarget "Checklists" */ = {
			isa = XCConfigurationList;
			buildConfigurations = (
				23D8606F1FCB13CF00409626 /* Debug */,
				23D860701FCB13CF00409626 /* Release */,
			);
			defaultConfigurationIsVisible = 0;
			defaultConfigurationName = Release;
		};
/* End XCConfigurationList section */
	};
	rootObject = 23D860541FCB13CF00409626 /* Project object */;
}
